<?xml version="1.0" encoding="utf-8"?>
<Project ToolsVersion="4.0" xmlns="http://schemas.microsoft.com/developer/msbuild/2003">
  <ItemGroup>
    <Filter Include="Source Files">
      <UniqueIdentifier>{4FC737F1-C7A5-4376-A066-2A32D752A2FF}</UniqueIdentifier>
      <Extensions>cpp;c;cc;cxx;def;odl;idl;hpj;bat;asm;asmx</Extensions>
    </Filter>
    <Filter Include="Media Files">
      <UniqueIdentifier>{ee1fcfd0-be47-4ae1-aa22-fde4f70e2fb7}</UniqueIdentifier>
    </Filter>
    <Filter Include="Media Files\RainTextures">
      <UniqueIdentifier>{affaaf27-6497-4915-bfb0-50813c2ea42d}</UniqueIdentifier>
    </Filter>
    <Filter Include="Resource Files">
      <UniqueIdentifier>{67DA6AB6-F800-4c08-8B7A-83BB121AAD01}</UniqueIdentifier>
      <Extensions>rc;ico;cur;bmp;dlg;rc2;rct;bin;rgs;gif;jpg;jpeg;jpe;resx;tiff;tif;png;wav</Extensions>
    </Filter>
  </ItemGroup>
  <ItemGroup>
    <ClCompile Include="Rain.cpp">
      <Filter>Source Files</Filter>
    </ClCompile>
  </ItemGroup>
  <ItemGroup>
    <FXC Include="Rain.fx">
      <Filter>Source Files</Filter>
    </FXC>
  </ItemGroup>
  <ItemGroup>
    <None Include="..\..\Media\arrow.x">
      <Filter>Media Files</Filter>
    </None>
    <None Include="..\..\Media\Bridge\Bridge.x">
      <Filter>Media Files</Filter>
    </None>
    <None Include="..\..\Media\F_512_data.csv">
      <Filter>Media Files</Filter>
    </None>
    <None Include="..\..\Media\G0_pi_2_64_data.csv">
      <Filter>Media Files</Filter>
    </None>
  </ItemGroup>
  <ItemGroup>
    <Image Include="..\..\Media\Bridge\bridge_color.dds">
      <Filter>Media Files</Filter>
    </Image>
    <Image Include="..\..\Media\Bridge\bridge_normal.dds">
      <Filter>Media Files</Filter>
    </Image>
    <Image Include="..\..\Media\Bridge\bridge_spec.dds">
      <Filter>Media Files</Filter>
    </Image>
    <Image Include="..\..\Media\directx.ico">
      <Filter>Media Files</Filter>
    </Image>
    <Image Include="..\..\Media\rainTextures\splashes\SBumpVolume.dds">
      <Filter>Media Files</Filter>
    </Image>
    <Image Include="..\..\Media\rainTextures\splashes\SDiffuseVolume.dds">
      <Filter>Media Files</Filter>
    </Image>
    <Image Include="..\..\Media\SkyCubemap2.dds">
      <Filter>Media Files</Filter>
    </Image>
    <Image Include="..\..\Media\rainTextures\cv0_vPositive_0000.dds">
      <Filter>Media Files\RainTextures</Filter>
    </Image>
    <Image Include="..\..\Media\rainTextures\cv0_vPositive_0001.dds">
      <Filter>Media Files\RainTextures</Filter>
    </Image>
    <Image Include="..\..\Media\rainTextures\cv0_vPositive_0002.dds">
      <Filter>Media Files\RainTextures</Filter>
    </Image>
    <Image Include="..\..\Media\rainTextures\cv0_vPositive_0003.dds">
      <Filter>Media Files\RainTextures</Filter>
    </Image>
    <Image Include="..\..\Media\rainTextures\cv0_vPositive_0004.dds">
      <Filter>Media Files\RainTextures</Filter>
    </Image>
    <Image Include="..\..\Media\rainTextures\cv0_vPositive_0005.dds">
      <Filter>Media Files\RainTextures</Filter>
    </Image>
    <Image Include="..\..\Media\rainTextures\cv0_vPositive_0006.dds">
      <Filter>Media Files\RainTextures</Filter>
    </Image>
    <Image Include="..\..\Media\rainTextures\cv0_vPositive_0007.dds">
      <Filter>Media Files\RainTextures</Filter>
    </Image>
    <Image Include="..\..\Media\rainTextures\cv0_vPositive_0008.dds">
      <Filter>Media Files\RainTextures</Filter>
    </Image>
    <Image Include="..\..\Media\rainTextures\cv0_vPositive_0009.dds">
      <Filter>Media Files\RainTextures</Filter>
    </Image>
    <Image Include="..\..\Media\rainTextures\cv0_vPositive_0010.dds">
      <Filter>Media Files\RainTextures</Filter>
    </Image>
    <Image Include="..\..\Media\rainTextures\cv0_vPositive_0011.dds">
      <Filter>Media Files\RainTextures</Filter>
    </Image>
    <Image Include="..\..\Media\rainTextures\cv0_vPositive_0012.dds">
      <Filter>Media Files\RainTextures</Filter>
    </Image>
    <Image Include="..\..\Media\rainTextures\cv0_vPositive_0013.dds">
      <Filter>Media Files\RainTextures</Filter>
    </Image>
    <Image Include="..\..\Media\rainTextures\cv0_vPositive_0014.dds">
      <Filter>Media Files\RainTextures</Filter>
    </Image>
    <Image Include="..\..\Media\rainTextures\cv0_vPositive_0015.dds">
      <Filter>Media Files\RainTextures</Filter>
    </Image>
    <Image Include="..\..\Media\rainTextures\cv0_vPositive_0016.dds">
      <Filter>Media Files\RainTextures</Filter>
    </Image>
    <Image Include="..\..\Media\rainTextures\cv0_vPositive_0017.dds">
      <Filter>Media Files\RainTextures</Filter>
    </Image>
    <Image Include="..\..\Media\rainTextures\cv0_vPositive_0018.dds">
      <Filter>Media Files\RainTextures</Filter>
    </Image>
    <Image Include="..\..\Media\rainTextures\cv0_vPositive_0019.dds">
      <Filter>Media Files\RainTextures</Filter>
    </Image>
    <Image Include="..\..\Media\rainTextures\cv0_vPositive_0020.dds">
      <Filter>Media Files\RainTextures</Filter>
    </Image>
    <Image Include="..\..\Media\rainTextures\cv0_vPositive_0021.dds">
      <Filter>Media Files\RainTextures</Filter>
    </Image>
    <Image Include="..\..\Media\rainTextures\cv0_vPositive_0022.dds">
      <Filter>Media Files\RainTextures</Filter>
    </Image>
    <Image Include="..\..\Media\rainTextures\cv0_vPositive_0023.dds">
      <Filter>Media Files\RainTextures</Filter>
    </Image>
    <Image Include="..\..\Media\rainTextures\cv0_vPositive_0024.dds">
      <Filter>Media Files\RainTextures</Filter>
    </Image>
    <Image Include="..\..\Media\rainTextures\cv0_vPositive_0025.dds">
      <Filter>Media Files\RainTextures</Filter>
    </Image>
    <Image Include="..\..\Media\rainTextures\cv0_vPositive_0026.dds">
      <Filter>Media Files\RainTextures</Filter>
    </Image>
    <Image Include="..\..\Media\rainTextures\cv0_vPositive_0027.dds">
      <Filter>Media Files\RainTextures</Filter>
    </Image>
    <Image Include="..\..\Media\rainTextures\cv0_vPositive_0028.dds">
      <Filter>Media Files\RainTextures</Filter>
    </Image>
    <Image Include="..\..\Media\rainTextures\cv0_vPositive_0029.dds">
      <Filter>Media Files\RainTextures</Filter>
    </Image>
    <Image Include="..\..\Media\rainTextures\cv0_vPositive_0030.dds">
      <Filter>Media Files\RainTextures</Filter>
    </Image>
    <Image Include="..\..\Media\rainTextures\cv0_vPositive_0031.dds">
      <Filter>Media Files\RainTextures</Filter>
    </Image>
    <Image Include="..\..\Media\rainTextures\cv0_vPositive_0032.dds">
      <Filter>Media Files\RainTextures</Filter>
    </Image>
    <Image Include="..\..\Media\rainTextures\cv0_vPositive_0033.dds">
      <Filter>Media Files\RainTextures</Filter>
    </Image>
    <Image Include="..\..\Media\rainTextures\cv0_vPositive_0034.dds">
      <Filter>Media Files\RainTextures</Filter>
    </Image>
    <Image Include="..\..\Media\rainTextures\cv0_vPositive_0035.dds">
      <Filter>Media Files\RainTextures</Filter>
    </Image>
    <Image Include="..\..\Media\rainTextures\cv0_vPositive_0036.dds">
      <Filter>Media Files\RainTextures</Filter>
    </Image>
    <Image Include="..\..\Media\rainTextures\cv0_vPositive_0037.dds">
      <Filter>Media Files\RainTextures</Filter>
    </Image>
    <Image Include="..\..\Media\rainTextures\cv0_vPositive_0038.dds">
      <Filter>Media Files\RainTextures</Filter>
    </Image>
    <Image Include="..\..\Media\rainTextures\cv0_vPositive_0039.dds">
      <Filter>Media Files\RainTextures</Filter>
    </Image>
    <Image Include="..\..\Media\rainTextures\cv0_vPositive_0040.dds">
      <Filter>Media Files\RainTextures</Filter>
    </Image>
    <Image Include="..\..\Media\rainTextures\cv0_vPositive_0041.dds">
      <Filter>Media Files\RainTextures</Filter>
    </Image>
    <Image Include="..\..\Media\rainTextures\cv0_vPositive_0042.dds">
      <Filter>Media Files\RainTextures</Filter>
    </Image>
    <Image Include="..\..\Media\rainTextures\cv0_vPositive_0043.dds">
      <Filter>Media Files\RainTextures</Filter>
    </Image>
    <Image Include="..\..\Media\rainTextures\cv0_vPositive_0044.dds">
      <Filter>Media Files\RainTextures</Filter>
    </Image>
    <Image Include="..\..\Media\rainTextures\cv0_vPositive_0045.dds">
      <Filter>Media Files\RainTextures</Filter>
    </Image>
    <Image Include="..\..\Media\rainTextures\cv0_vPositive_0046.dds">
      <Filter>Media Files\RainTextures</Filter>
    </Image>
    <Image Include="..\..\Media\rainTextures\cv0_vPositive_0047.dds">
      <Filter>Media Files\RainTextures</Filter>
    </Image>
    <Image Include="..\..\Media\rainTextures\cv0_vPositive_0048.dds">
      <Filter>Media Files\RainTextures</Filter>
    </Image>
    <Image Include="..\..\Media\rainTextures\cv0_vPositive_0049.dds">
      <Filter>Media Files\RainTextures</Filter>
    </Image>
    <Image Include="..\..\Media\rainTextures\cv0_vPositive_0050.dds">
      <Filter>Media Files\RainTextures</Filter>
    </Image>
    <Image Include="..\..\Media\rainTextures\cv0_vPositive_0051.dds">
      <Filter>Media Files\RainTextures</Filter>
    </Image>
    <Image Include="..\..\Media\rainTextures\cv0_vPositive_0052.dds">
      <Filter>Media Files\RainTextures</Filter>
    </Image>
    <Image Include="..\..\Media\rainTextures\cv0_vPositive_0053.dds">
      <Filter>Media Files\RainTextures</Filter>
    </Image>
    <Image Include="..\..\Media\rainTextures\cv0_vPositive_0054.dds">
      <Filter>Media Files\RainTextures</Filter>
    </Image>
    <Image Include="..\..\Media\rainTextures\cv0_vPositive_0055.dds">
      <Filter>Media Files\RainTextures</Filter>
    </Image>
    <Image Include="..\..\Media\rainTextures\cv0_vPositive_0056.dds">
      <Filter>Media Files\RainTextures</Filter>
    </Image>
    <Image Include="..\..\Media\rainTextures\cv0_vPositive_0057.dds">
      <Filter>Media Files\RainTextures</Filter>
    </Image>
    <Image Include="..\..\Media\rainTextures\cv0_vPositive_0058.dds">
      <Filter>Media Files\RainTextures</Filter>
    </Image>
    <Image Include="..\..\Media\rainTextures\cv0_vPositive_0059.dds">
      <Filter>Media Files\RainTextures</Filter>
    </Image>
    <Image Include="..\..\Media\rainTextures\cv0_vPositive_0060.dds">
      <Filter>Media Files\RainTextures</Filter>
    </Image>
    <Image Include="..\..\Media\rainTextures\cv0_vPositive_0061.dds">
      <Filter>Media Files\RainTextures</Filter>
    </Image>
    <Image Include="..\..\Media\rainTextures\cv0_vPositive_0062.dds">
      <Filter>Media Files\RainTextures</Filter>
    </Image>
    <Image Include="..\..\Media\rainTextures\cv0_vPositive_0063.dds">
      <Filter>Media Files\RainTextures</Filter>
    </Image>
    <Image Include="..\..\Media\rainTextures\cv0_vPositive_0064.dds">
      <Filter>Media Files\RainTextures</Filter>
    </Image>
    <Image Include="..\..\Media\rainTextures\cv0_vPositive_0065.dds">
      <Filter>Media Files\RainTextures</Filter>
    </Image>
    <Image Include="..\..\Media\rainTextures\cv0_vPositive_0066.dds">
      <Filter>Media Files\RainTextures</Filter>
    </Image>
    <Image Include="..\..\Media\rainTextures\cv0_vPositive_0067.dds">
      <Filter>Media Files\RainTextures</Filter>
    </Image>
    <Image Include="..\..\Media\rainTextures\cv0_vPositive_0068.dds">
      <Filter>Media Files\RainTextures</Filter>
    </Image>
    <Image Include="..\..\Media\rainTextures\cv0_vPositive_0069.dds">
      <Filter>Media Files\RainTextures</Filter>
    </Image>
    <Image Include="..\..\Media\rainTextures\cv0_vPositive_0070.dds">
      <Filter>Media Files\RainTextures</Filter>
    </Image>
    <Image Include="..\..\Media\rainTextures\cv0_vPositive_0071.dds">
      <Filter>Media Files\RainTextures</Filter>
    </Image>
    <Image Include="..\..\Media\rainTextures\cv0_vPositive_0072.dds">
      <Filter>Media Files\RainTextures</Filter>
    </Image>
    <Image Include="..\..\Media\rainTextures\cv0_vPositive_0073.dds">
      <Filter>Media Files\RainTextures</Filter>
    </Image>
    <Image Include="..\..\Media\rainTextures\cv0_vPositive_0074.dds">
      <Filter>Media Files\RainTextures</Filter>
    </Image>
    <Image Include="..\..\Media\rainTextures\cv0_vPositive_0075.dds">
      <Filter>Media Files\RainTextures</Filter>
    </Image>
    <Image Include="..\..\Media\rainTextures\cv0_vPositive_0076.dds">
      <Filter>Media Files\RainTextures</Filter>
    </Image>
    <Image Include="..\..\Media\rainTextures\cv0_vPositive_0077.dds">
      <Filter>Media Files\RainTextures</Filter>
    </Image>
    <Image Include="..\..\Media\rainTextures\cv0_vPositive_0078.dds">
      <Filter>Media Files\RainTextures</Filter>
    </Image>
    <Image Include="..\..\Media\rainTextures\cv0_vPositive_0079.dds">
      <Filter>Media Files\RainTextures</Filter>
    </Image>
    <Image Include="..\..\Media\rainTextures\cv0_vPositive_0080.dds">
      <Filter>Media Files\RainTextures</Filter>
    </Image>
    <Image Include="..\..\Media\rainTextures\cv0_vPositive_0081.dds">
      <Filter>Media Files\RainTextures</Filter>
    </Image>
    <Image Include="..\..\Media\rainTextures\cv0_vPositive_0082.dds">
      <Filter>Media Files\RainTextures</Filter>
    </Image>
    <Image Include="..\..\Media\rainTextures\cv0_vPositive_0083.dds">
      <Filter>Media Files\RainTextures</Filter>
    </Image>
    <Image Include="..\..\Media\rainTextures\cv0_vPositive_0084.dds">
      <Filter>Media Files\RainTextures</Filter>
    </Image>
    <Image Include="..\..\Media\rainTextures\cv0_vPositive_0085.dds">
      <Filter>Media Files\RainTextures</Filter>
    </Image>
    <Image Include="..\..\Media\rainTextures\cv0_vPositive_0086.dds">
      <Filter>Media Files\RainTextures</Filter>
    </Image>
    <Image Include="..\..\Media\rainTextures\cv0_vPositive_0087.dds">
      <Filter>Media Files\RainTextures</Filter>
    </Image>
    <Image Include="..\..\Media\rainTextures\cv0_vPositive_0088.dds">
      <Filter>Media Files\RainTextures</Filter>
    </Image>
    <Image Include="..\..\Media\rainTextures\cv0_vPositive_0089.dds">
      <Filter>Media Files\RainTextures</Filter>
    </Image>
    <Image Include="..\..\Media\rainTextures\cv0_vPositive_0090.dds">
      <Filter>Media Files\RainTextures</Filter>
    </Image>
    <Image Include="..\..\Media\rainTextures\cv0_vPositive_0091.dds">
      <Filter>Media Files\RainTextures</Filter>
    </Image>
    <Image Include="..\..\Media\rainTextures\cv0_vPositive_0092.dds">
      <Filter>Media Files\RainTextures</Filter>
    </Image>
    <Image Include="..\..\Media\rainTextures\cv0_vPositive_0093.dds">
      <Filter>Media Files\RainTextures</Filter>
    </Image>
    <Image Include="..\..\Media\rainTextures\cv0_vPositive_0094.dds">
      <Filter>Media Files\RainTextures</Filter>
    </Image>
    <Image Include="..\..\Media\rainTextures\cv0_vPositive_0095.dds">
      <Filter>Media Files\RainTextures</Filter>
    </Image>
    <Image Include="..\..\Media\rainTextures\cv0_vPositive_0096.dds">
      <Filter>Media Files\RainTextures</Filter>
    </Image>
    <Image Include="..\..\Media\rainTextures\cv0_vPositive_0097.dds">
      <Filter>Media Files\RainTextures</Filter>
    </Image>
    <Image Include="..\..\Media\rainTextures\cv0_vPositive_0098.dds">
      <Filter>Media Files\RainTextures</Filter>
    </Image>
    <Image Include="..\..\Media\rainTextures\cv0_vPositive_0099.dds">
      <Filter>Media Files\RainTextures</Filter>
    </Image>
    <Image Include="..\..\Media\rainTextures\cv0_vPositive_0100.dds">
      <Filter>Media Files\RainTextures</Filter>
    </Image>
    <Image Include="..\..\Media\rainTextures\cv0_vPositive_0101.dds">
      <Filter>Media Files\RainTextures</Filter>
    </Image>
    <Image Include="..\..\Media\rainTextures\cv0_vPositive_0102.dds">
      <Filter>Media Files\RainTextures</Filter>
    </Image>
    <Image Include="..\..\Media\rainTextures\cv0_vPositive_0103.dds">
      <Filter>Media Files\RainTextures</Filter>
    </Image>
    <Image Include="..\..\Media\rainTextures\cv0_vPositive_0104.dds">
      <Filter>Media Files\RainTextures</Filter>
    </Image>
    <Image Include="..\..\Media\rainTextures\cv0_vPositive_0105.dds">
      <Filter>Media Files\RainTextures</Filter>
    </Image>
    <Image Include="..\..\Media\rainTextures\cv0_vPositive_0106.dds">
      <Filter>Media Files\RainTextures</Filter>
    </Image>
    <Image Include="..\..\Media\rainTextures\cv0_vPositive_0107.dds">
      <Filter>Media Files\RainTextures</Filter>
    </Image>
    <Image Include="..\..\Media\rainTextures\cv0_vPositive_0108.dds">
      <Filter>Media Files\RainTextures</Filter>
    </Image>
    <Image Include="..\..\Media\rainTextures\cv0_vPositive_0109.dds">
      <Filter>Media Files\RainTextures</Filter>
    </Image>
    <Image Include="..\..\Media\rainTextures\cv0_vPositive_0110.dds">
      <Filter>Media Files\RainTextures</Filter>
    </Image>
    <Image Include="..\..\Media\rainTextures\cv0_vPositive_0111.dds">
      <Filter>Media Files\RainTextures</Filter>
    </Image>
    <Image Include="..\..\Media\rainTextures\cv0_vPositive_0112.dds">
      <Filter>Media Files\RainTextures</Filter>
    </Image>
    <Image Include="..\..\Media\rainTextures\cv0_vPositive_0113.dds">
      <Filter>Media Files\RainTextures</Filter>
    </Image>
    <Image Include="..\..\Media\rainTextures\cv0_vPositive_0114.dds">
      <Filter>Media Files\RainTextures</Filter>
    </Image>
    <Image Include="..\..\Media\rainTextures\cv0_vPositive_0115.dds">
      <Filter>Media Files\RainTextures</Filter>
    </Image>
    <Image Include="..\..\Media\rainTextures\cv0_vPositive_0116.dds">
      <Filter>Media Files\RainTextures</Filter>
    </Image>
    <Image Include="..\..\Media\rainTextures\cv0_vPositive_0117.dds">
      <Filter>Media Files\RainTextures</Filter>
    </Image>
    <Image Include="..\..\Media\rainTextures\cv0_vPositive_0118.dds">
      <Filter>Media Files\RainTextures</Filter>
    </Image>
    <Image Include="..\..\Media\rainTextures\cv0_vPositive_0119.dds">
      <Filter>Media Files\RainTextures</Filter>
    </Image>
    <Image Include="..\..\Media\rainTextures\cv0_vPositive_0120.dds">
      <Filter>Media Files\RainTextures</Filter>
    </Image>
    <Image Include="..\..\Media\rainTextures\cv0_vPositive_0121.dds">
      <Filter>Media Files\RainTextures</Filter>
    </Image>
    <Image Include="..\..\Media\rainTextures\cv0_vPositive_0122.dds">
      <Filter>Media Files\RainTextures</Filter>
    </Image>
    <Image Include="..\..\Media\rainTextures\cv0_vPositive_0123.dds">
      <Filter>Media Files\RainTextures</Filter>
    </Image>
    <Image Include="..\..\Media\rainTextures\cv0_vPositive_0124.dds">
      <Filter>Media Files\RainTextures</Filter>
    </Image>
    <Image Include="..\..\Media\rainTextures\cv0_vPositive_0125.dds">
      <Filter>Media Files\RainTextures</Filter>
    </Image>
    <Image Include="..\..\Media\rainTextures\cv0_vPositive_0126.dds">
      <Filter>Media Files\RainTextures</Filter>
    </Image>
    <Image Include="..\..\Media\rainTextures\cv0_vPositive_0127.dds">
      <Filter>Media Files\RainTextures</Filter>
    </Image>
    <Image Include="..\..\Media\rainTextures\cv0_vPositive_0128.dds">
      <Filter>Media Files\RainTextures</Filter>
    </Image>
    <Image Include="..\..\Media\rainTextures\cv0_vPositive_0129.dds">
      <Filter>Media Files\RainTextures</Filter>
    </Image>
    <Image Include="..\..\Media\rainTextures\cv0_vPositive_0130.dds">
      <Filter>Media Files\RainTextures</Filter>
    </Image>
    <Image Include="..\..\Media\rainTextures\cv0_vPositive_0131.dds">
      <Filter>Media Files\RainTextures</Filter>
    </Image>
    <Image Include="..\..\Media\rainTextures\cv0_vPositive_0132.dds">
      <Filter>Media Files\RainTextures</Filter>
    </Image>
    <Image Include="..\..\Media\rainTextures\cv0_vPositive_0133.dds">
      <Filter>Media Files\RainTextures</Filter>
    </Image>
    <Image Include="..\..\Media\rainTextures\cv0_vPositive_0134.dds">
      <Filter>Media Files\RainTextures</Filter>
    </Image>
    <Image Include="..\..\Media\rainTextures\cv0_vPositive_0135.dds">
      <Filter>Media Files\RainTextures</Filter>
    </Image>
    <Image Include="..\..\Media\rainTextures\cv0_vPositive_0136.dds">
      <Filter>Media Files\RainTextures</Filter>
    </Image>
    <Image Include="..\..\Media\rainTextures\cv0_vPositive_0137.dds">
      <Filter>Media Files\RainTextures</Filter>
    </Image>
    <Image Include="..\..\Media\rainTextures\cv0_vPositive_0138.dds">
      <Filter>Media Files\RainTextures</Filter>
    </Image>
    <Image Include="..\..\Media\rainTextures\cv0_vPositive_0139.dds">
      <Filter>Media Files\RainTextures</Filter>
    </Image>
    <Image Include="..\..\Media\rainTextures\cv0_vPositive_0140.dds">
      <Filter>Media Files\RainTextures</Filter>
    </Image>
    <Image Include="..\..\Media\rainTextures\cv0_vPositive_0141.dds">
      <Filter>Media Files\RainTextures</Filter>
    </Image>
    <Image Include="..\..\Media\rainTextures\cv0_vPositive_0142.dds">
      <Filter>Media Files\RainTextures</Filter>
    </Image>
    <Image Include="..\..\Media\rainTextures\cv0_vPositive_0143.dds">
      <Filter>Media Files\RainTextures</Filter>
    </Image>
    <Image Include="..\..\Media\rainTextures\cv0_vPositive_0144.dds">
      <Filter>Media Files\RainTextures</Filter>
    </Image>
    <Image Include="..\..\Media\rainTextures\cv0_vPositive_0145.dds">
      <Filter>Media Files\RainTextures</Filter>
    </Image>
    <Image Include="..\..\Media\rainTextures\cv0_vPositive_0146.dds">
      <Filter>Media Files\RainTextures</Filter>
    </Image>
    <Image Include="..\..\Media\rainTextures\cv0_vPositive_0147.dds">
      <Filter>Media Files\RainTextures</Filter>
    </Image>
    <Image Include="..\..\Media\rainTextures\cv0_vPositive_0148.dds">
      <Filter>Media Files\RainTextures</Filter>
    </Image>
    <Image Include="..\..\Media\rainTextures\cv0_vPositive_0149.dds">
      <Filter>Media Files\RainTextures</Filter>
    </Image>
    <Image Include="..\..\Media\rainTextures\cv0_vPositive_0150.dds">
      <Filter>Media Files\RainTextures</Filter>
    </Image>
    <Image Include="..\..\Media\rainTextures\cv0_vPositive_0151.dds">
      <Filter>Media Files\RainTextures</Filter>
    </Image>
    <Image Include="..\..\Media\rainTextures\cv0_vPositive_0152.dds">
      <Filter>Media Files\RainTextures</Filter>
    </Image>
    <Image Include="..\..\Media\rainTextures\cv0_vPositive_0153.dds">
      <Filter>Media Files\RainTextures</Filter>
    </Image>
    <Image Include="..\..\Media\rainTextures\cv0_vPositive_0154.dds">
      <Filter>Media Files\RainTextures</Filter>
    </Image>
    <Image Include="..\..\Media\rainTextures\cv0_vPositive_0155.dds">
      <Filter>Media Files\RainTextures</Filter>
    </Image>
    <Image Include="..\..\Media\rainTextures\cv0_vPositive_0156.dds">
      <Filter>Media Files\RainTextures</Filter>
    </Image>
    <Image Include="..\..\Media\rainTextures\cv0_vPositive_0157.dds">
      <Filter>Media Files\RainTextures</Filter>
    </Image>
    <Image Include="..\..\Media\rainTextures\cv0_vPositive_0158.dds">
      <Filter>Media Files\RainTextures</Filter>
    </Image>
    <Image Include="..\..\Media\rainTextures\cv0_vPositive_0159.dds">
      <Filter>Media Files\RainTextures</Filter>
    </Image>
    <Image Include="..\..\Media\rainTextures\cv0_vPositive_0160.dds">
      <Filter>Media Files\RainTextures</Filter>
    </Image>
    <Image Include="..\..\Media\rainTextures\cv0_vPositive_0161.dds">
      <Filter>Media Files\RainTextures</Filter>
    </Image>
    <Image Include="..\..\Media\rainTextures\cv0_vPositive_0162.dds">
      <Filter>Media Files\RainTextures</Filter>
    </Image>
    <Image Include="..\..\Media\rainTextures\cv0_vPositive_0163.dds">
      <Filter>Media Files\RainTextures</Filter>
    </Image>
    <Image Include="..\..\Media\rainTextures\cv0_vPositive_0164.dds">
      <Filter>Media Files\RainTextures</Filter>
    </Image>
    <Image Include="..\..\Media\rainTextures\cv0_vPositive_0165.dds">
      <Filter>Media Files\RainTextures</Filter>
    </Image>
    <Image Include="..\..\Media\rainTextures\cv0_vPositive_0166.dds">
      <Filter>Media Files\RainTextures</Filter>
    </Image>
    <Image Include="..\..\Media\rainTextures\cv0_vPositive_0167.dds">
      <Filter>Media Files\RainTextures</Filter>
    </Image>
    <Image Include="..\..\Media\rainTextures\cv0_vPositive_0168.dds">
      <Filter>Media Files\RainTextures</Filter>
    </Image>
    <Image Include="..\..\Media\rainTextures\cv0_vPositive_0169.dds">
      <Filter>Media Files\RainTextures</Filter>
    </Image>
    <Image Include="..\..\Media\rainTextures\cv0_vPositive_0170.dds">
      <Filter>Media Files\RainTextures</Filter>
    </Image>
    <Image Include="..\..\Media\rainTextures\cv0_vPositive_0171.dds">
      <Filter>Media Files\RainTextures</Filter>
    </Image>
    <Image Include="..\..\Media\rainTextures\cv0_vPositive_0172.dds">
      <Filter>Media Files\RainTextures</Filter>
    </Image>
    <Image Include="..\..\Media\rainTextures\cv0_vPositive_0173.dds">
      <Filter>Media Files\RainTextures</Filter>
    </Image>
    <Image Include="..\..\Media\rainTextures\cv0_vPositive_0174.dds">
      <Filter>Media Files\RainTextures</Filter>
    </Image>
    <Image Include="..\..\Media\rainTextures\cv0_vPositive_0175.dds">
      <Filter>Media Files\RainTextures</Filter>
    </Image>
    <Image Include="..\..\Media\rainTextures\cv0_vPositive_0176.dds">
      <Filter>Media Files\RainTextures</Filter>
    </Image>
    <Image Include="..\..\Media\rainTextures\cv0_vPositive_0177.dds">
      <Filter>Media Files\RainTextures</Filter>
    </Image>
    <Image Include="..\..\Media\rainTextures\cv0_vPositive_0178.dds">
      <Filter>Media Files\RainTextures</Filter>
    </Image>
    <Image Include="..\..\Media\rainTextures\cv0_vPositive_0179.dds">
      <Filter>Media Files\RainTextures</Filter>
    </Image>
    <Image Include="..\..\Media\rainTextures\cv0_vPositive_0180.dds">
      <Filter>Media Files\RainTextures</Filter>
    </Image>
    <Image Include="..\..\Media\rainTextures\cv0_vPositive_0181.dds">
      <Filter>Media Files\RainTextures</Filter>
    </Image>
    <Image Include="..\..\Media\rainTextures\cv0_vPositive_0182.dds">
      <Filter>Media Files\RainTextures</Filter>
    </Image>
    <Image Include="..\..\Media\rainTextures\cv0_vPositive_0183.dds">
      <Filter>Media Files\RainTextures</Filter>
    </Image>
    <Image Include="..\..\Media\rainTextures\cv0_vPositive_0184.dds">
      <Filter>Media Files\RainTextures</Filter>
    </Image>
    <Image Include="..\..\Media\rainTextures\cv0_vPositive_0185.dds">
      <Filter>Media Files\RainTextures</Filter>
    </Image>
    <Image Include="..\..\Media\rainTextures\cv0_vPositive_0186.dds">
      <Filter>Media Files\RainTextures</Filter>
    </Image>
    <Image Include="..\..\Media\rainTextures\cv0_vPositive_0187.dds">
      <Filter>Media Files\RainTextures</Filter>
    </Image>
    <Image Include="..\..\Media\rainTextures\cv0_vPositive_0188.dds">
      <Filter>Media Files\RainTextures</Filter>
    </Image>
    <Image Include="..\..\Media\rainTextures\cv0_vPositive_0189.dds">
      <Filter>Media Files\RainTextures</Filter>
    </Image>
    <Image Include="..\..\Media\rainTextures\cv0_vPositive_0190.dds">
      <Filter>Media Files\RainTextures</Filter>
    </Image>
    <Image Include="..\..\Media\rainTextures\cv0_vPositive_0191.dds">
      <Filter>Media Files\RainTextures</Filter>
    </Image>
    <Image Include="..\..\Media\rainTextures\cv0_vPositive_0192.dds">
      <Filter>Media Files\RainTextures</Filter>
    </Image>
    <Image Include="..\..\Media\rainTextures\cv0_vPositive_0193.dds">
      <Filter>Media Files\RainTextures</Filter>
    </Image>
    <Image Include="..\..\Media\rainTextures\cv0_vPositive_0194.dds">
      <Filter>Media Files\RainTextures</Filter>
    </Image>
    <Image Include="..\..\Media\rainTextures\cv0_vPositive_0195.dds">
      <Filter>Media Files\RainTextures</Filter>
    </Image>
    <Image Include="..\..\Media\rainTextures\cv0_vPositive_0196.dds">
      <Filter>Media Files\RainTextures</Filter>
    </Image>
    <Image Include="..\..\Media\rainTextures\cv0_vPositive_0197.dds">
      <Filter>Media Files\RainTextures</Filter>
    </Image>
    <Image Include="..\..\Media\rainTextures\cv0_vPositive_0198.dds">
      <Filter>Media Files\RainTextures</Filter>
    </Image>
    <Image Include="..\..\Media\rainTextures\cv0_vPositive_0199.dds">
      <Filter>Media Files\RainTextures</Filter>
    </Image>
    <Image Include="..\..\Media\rainTextures\cv0_vPositive_0200.dds">
      <Filter>Media Files\RainTextures</Filter>
    </Image>
    <Image Include="..\..\Media\rainTextures\cv0_vPositive_0201.dds">
      <Filter>Media Files\RainTextures</Filter>
    </Image>
    <Image Include="..\..\Media\rainTextures\cv0_vPositive_0202.dds">
      <Filter>Media Files\RainTextures</Filter>
    </Image>
    <Image Include="..\..\Media\rainTextures\cv0_vPositive_0203.dds">
      <Filter>Media Files\RainTextures</Filter>
    </Image>
    <Image Include="..\..\Media\rainTextures\cv0_vPositive_0204.dds">
      <Filter>Media Files\RainTextures</Filter>
    </Image>
    <Image Include="..\..\Media\rainTextures\cv0_vPositive_0205.dds">
      <Filter>Media Files\RainTextures</Filter>
    </Image>
    <Image Include="..\..\Media\rainTextures\cv0_vPositive_0206.dds">
      <Filter>Media Files\RainTextures</Filter>
    </Image>
    <Image Include="..\..\Media\rainTextures\cv0_vPositive_0207.dds">
      <Filter>Media Files\RainTextures</Filter>
    </Image>
    <Image Include="..\..\Media\rainTextures\cv0_vPositive_0208.dds">
      <Filter>Media Files\RainTextures</Filter>
    </Image>
    <Image Include="..\..\Media\rainTextures\cv0_vPositive_0209.dds">
      <Filter>Media Files\RainTextures</Filter>
    </Image>
    <Image Include="..\..\Media\rainTextures\cv0_vPositive_0210.dds">
      <Filter>Media Files\RainTextures</Filter>
    </Image>
    <Image Include="..\..\Media\rainTextures\cv0_vPositive_0211.dds">
      <Filter>Media Files\RainTextures</Filter>
    </Image>
    <Image Include="..\..\Media\rainTextures\cv0_vPositive_0212.dds">
      <Filter>Media Files\RainTextures</Filter>
    </Image>
    <Image Include="..\..\Media\rainTextures\cv0_vPositive_0213.dds">
      <Filter>Media Files\RainTextures</Filter>
    </Image>
    <Image Include="..\..\Media\rainTextures\cv0_vPositive_0214.dds">
      <Filter>Media Files\RainTextures</Filter>
    </Image>
    <Image Include="..\..\Media\rainTextures\cv0_vPositive_0215.dds">
      <Filter>Media Files\RainTextures</Filter>
    </Image>
    <Image Include="..\..\Media\rainTextures\cv0_vPositive_0216.dds">
      <Filter>Media Files\RainTextures</Filter>
    </Image>
    <Image Include="..\..\Media\rainTextures\cv0_vPositive_0217.dds">
      <Filter>Media Files\RainTextures</Filter>
    </Image>
    <Image Include="..\..\Media\rainTextures\cv0_vPositive_0218.dds">
      <Filter>Media Files\RainTextures</Filter>
    </Image>
    <Image Include="..\..\Media\rainTextures\cv0_vPositive_0219.dds">
      <Filter>Media Files\RainTextures</Filter>
    </Image>
    <Image Include="..\..\Media\rainTextures\cv0_vPositive_0220.dds">
      <Filter>Media Files\RainTextures</Filter>
    </Image>
    <Image Include="..\..\Media\rainTextures\cv0_vPositive_0221.dds">
      <Filter>Media Files\RainTextures</Filter>
    </Image>
    <Image Include="..\..\Media\rainTextures\cv0_vPositive_0222.dds">
      <Filter>Media Files\RainTextures</Filter>
    </Image>
    <Image Include="..\..\Media\rainTextures\cv0_vPositive_0223.dds">
      <Filter>Media Files\RainTextures</Filter>
    </Image>
    <Image Include="..\..\Media\rainTextures\cv0_vPositive_0224.dds">
      <Filter>Media Files\RainTextures</Filter>
    </Image>
    <Image Include="..\..\Media\rainTextures\cv0_vPositive_0225.dds">
      <Filter>Media Files\RainTextures</Filter>
    </Image>
    <Image Include="..\..\Media\rainTextures\cv0_vPositive_0226.dds">
      <Filter>Media Files\RainTextures</Filter>
    </Image>
    <Image Include="..\..\Media\rainTextures\cv0_vPositive_0227.dds">
      <Filter>Media Files\RainTextures</Filter>
    </Image>
    <Image Include="..\..\Media\rainTextures\cv0_vPositive_0228.dds">
      <Filter>Media Files\RainTextures</Filter>
    </Image>
    <Image Include="..\..\Media\rainTextures\cv0_vPositive_0229.dds">
      <Filter>Media Files\RainTextures</Filter>
    </Image>
    <Image Include="..\..\Media\rainTextures\cv0_vPositive_0230.dds">
      <Filter>Media Files\RainTextures</Filter>
    </Image>
    <Image Include="..\..\Media\rainTextures\cv0_vPositive_0231.dds">
      <Filter>Media Files\RainTextures</Filter>
    </Image>
    <Image Include="..\..\Media\rainTextures\cv0_vPositive_0232.dds">
      <Filter>Media Files\RainTextures</Filter>
    </Image>
    <Image Include="..\..\Media\rainTextures\cv0_vPositive_0233.dds">
      <Filter>Media Files\RainTextures</Filter>
    </Image>
    <Image Include="..\..\Media\rainTextures\cv0_vPositive_0234.dds">
      <Filter>Media Files\RainTextures</Filter>
    </Image>
    <Image Include="..\..\Media\rainTextures\cv0_vPositive_0235.dds">
      <Filter>Media Files\RainTextures</Filter>
    </Image>
    <Image Include="..\..\Media\rainTextures\cv0_vPositive_0236.dds">
      <Filter>Media Files\RainTextures</Filter>
    </Image>
    <Image Include="..\..\Media\rainTextures\cv0_vPositive_0237.dds">
      <Filter>Media Files\RainTextures</Filter>
    </Image>
    <Image Include="..\..\Media\rainTextures\cv0_vPositive_0238.dds">
      <Filter>Media Files\RainTextures</Filter>
    </Image>
    <Image Include="..\..\Media\rainTextures\cv0_vPositive_0239.dds">
      <Filter>Media Files\RainTextures</Filter>
    </Image>
    <Image Include="..\..\Media\rainTextures\cv0_vPositive_0240.dds">
      <Filter>Media Files\RainTextures</Filter>
    </Image>
    <Image Include="..\..\Media\rainTextures\cv0_vPositive_0241.dds">
      <Filter>Media Files\RainTextures</Filter>
    </Image>
    <Image Include="..\..\Media\rainTextures\cv0_vPositive_0242.dds">
      <Filter>Media Files\RainTextures</Filter>
    </Image>
    <Image Include="..\..\Media\rainTextures\cv0_vPositive_0243.dds">
      <Filter>Media Files\RainTextures</Filter>
    </Image>
    <Image Include="..\..\Media\rainTextures\cv0_vPositive_0244.dds">
      <Filter>Media Files\RainTextures</Filter>
    </Image>
    <Image Include="..\..\Media\rainTextures\cv0_vPositive_0245.dds">
      <Filter>Media Files\RainTextures</Filter>
    </Image>
    <Image Include="..\..\Media\rainTextures\cv0_vPositive_0246.dds">
      <Filter>Media Files\RainTextures</Filter>
    </Image>
    <Image Include="..\..\Media\rainTextures\cv0_vPositive_0247.dds">
      <Filter>Media Files\RainTextures</Filter>
    </Image>
    <Image Include="..\..\Media\rainTextures\cv0_vPositive_0248.dds">
      <Filter>Media Files\RainTextures</Filter>
    </Image>
    <Image Include="..\..\Media\rainTextures\cv0_vPositive_0249.dds">
      <Filter>Media Files\RainTextures</Filter>
    </Image>
    <Image Include="..\..\Media\rainTextures\cv0_vPositive_0250.dds">
      <Filter>Media Files\RainTextures</Filter>
    </Image>
    <Image Include="..\..\Media\rainTextures\cv0_vPositive_0251.dds">
      <Filter>Media Files\RainTextures</Filter>
    </Image>
    <Image Include="..\..\Media\rainTextures\cv0_vPositive_0252.dds">
      <Filter>Media Files\RainTextures</Filter>
    </Image>
    <Image Include="..\..\Media\rainTextures\cv0_vPositive_0253.dds">
      <Filter>Media Files\RainTextures</Filter>
    </Image>
    <Image Include="..\..\Media\rainTextures\cv0_vPositive_0254.dds">
      <Filter>Media Files\RainTextures</Filter>
    </Image>
    <Image Include="..\..\Media\rainTextures\cv0_vPositive_0255.dds">
      <Filter>Media Files\RainTextures</Filter>
    </Image>
    <Image Include="..\..\Media\rainTextures\cv0_vPositive_0256.dds">
      <Filter>Media Files\RainTextures</Filter>
    </Image>
    <Image Include="..\..\Media\rainTextures\cv0_vPositive_0257.dds">
      <Filter>Media Files\RainTextures</Filter>
    </Image>
    <Image Include="..\..\Media\rainTextures\cv0_vPositive_0258.dds">
      <Filter>Media Files\RainTextures</Filter>
    </Image>
    <Image Include="..\..\Media\rainTextures\cv0_vPositive_0259.dds">
      <Filter>Media Files\RainTextures</Filter>
    </Image>
    <Image Include="..\..\Media\rainTextures\cv0_vPositive_0260.dds">
      <Filter>Media Files\RainTextures</Filter>
    </Image>
    <Image Include="..\..\Media\rainTextures\cv0_vPositive_0261.dds">
      <Filter>Media Files\RainTextures</Filter>
    </Image>
    <Image Include="..\..\Media\rainTextures\cv0_vPositive_0262.dds">
      <Filter>Media Files\RainTextures</Filter>
    </Image>
    <Image Include="..\..\Media\rainTextures\cv0_vPositive_0263.dds">
      <Filter>Media Files\RainTextures</Filter>
    </Image>
    <Image Include="..\..\Media\rainTextures\cv0_vPositive_0264.dds">
      <Filter>Media Files\RainTextures</Filter>
    </Image>
    <Image Include="..\..\Media\rainTextures\cv0_vPositive_0265.dds">
      <Filter>Media Files\RainTextures</Filter>
    </Image>
    <Image Include="..\..\Media\rainTextures\cv0_vPositive_0266.dds">
      <Filter>Media Files\RainTextures</Filter>
    </Image>
    <Image Include="..\..\Media\rainTextures\cv0_vPositive_0267.dds">
      <Filter>Media Files\RainTextures</Filter>
    </Image>
    <Image Include="..\..\Media\rainTextures\cv0_vPositive_0268.dds">
      <Filter>Media Files\RainTextures</Filter>
    </Image>
    <Image Include="..\..\Media\rainTextures\cv0_vPositive_0269.dds">
      <Filter>Media Files\RainTextures</Filter>
    </Image>
    <Image Include="..\..\Media\rainTextures\cv0_vPositive_0270.dds">
      <Filter>Media Files\RainTextures</Filter>
    </Image>
    <Image Include="..\..\Media\rainTextures\cv0_vPositive_0271.dds">
      <Filter>Media Files\RainTextures</Filter>
    </Image>
    <Image Include="..\..\Media\rainTextures\cv0_vPositive_0272.dds">
      <Filter>Media Files\RainTextures</Filter>
    </Image>
    <Image Include="..\..\Media\rainTextures\cv0_vPositive_0273.dds">
      <Filter>Media Files\RainTextures</Filter>
    </Image>
    <Image Include="..\..\Media\rainTextures\cv0_vPositive_0274.dds">
      <Filter>Media Files\RainTextures</Filter>
    </Image>
    <Image Include="..\..\Media\rainTextures\cv0_vPositive_0275.dds">
      <Filter>Media Files\RainTextures</Filter>
    </Image>
    <Image Include="..\..\Media\rainTextures\cv0_vPositive_0276.dds">
      <Filter>Media Files\RainTextures</Filter>
    </Image>
    <Image Include="..\..\Media\rainTextures\cv0_vPositive_0277.dds">
      <Filter>Media Files\RainTextures</Filter>
    </Image>
    <Image Include="..\..\Media\rainTextures\cv0_vPositive_0278.dds">
      <Filter>Media Files\RainTextures</Filter>
    </Image>
    <Image Include="..\..\Media\rainTextures\cv0_vPositive_0279.dds">
      <Filter>Media Files\RainTextures</Filter>
    </Image>
    <Image Include="..\..\Media\rainTextures\cv0_vPositive_0280.dds">
      <Filter>Media Files\RainTextures</Filter>
    </Image>
    <Image Include="..\..\Media\rainTextures\cv0_vPositive_0281.dds">
      <Filter>Media Files\RainTextures</Filter>
    </Image>
    <Image Include="..\..\Media\rainTextures\cv0_vPositive_0282.dds">
      <Filter>Media Files\RainTextures</Filter>
    </Image>
    <Image Include="..\..\Media\rainTextures\cv0_vPositive_0283.dds">
      <Filter>Media Files\RainTextures</Filter>
    </Image>
    <Image Include="..\..\Media\rainTextures\cv0_vPositive_0284.dds">
      <Filter>Media Files\RainTextures</Filter>
    </Image>
    <Image Include="..\..\Media\rainTextures\cv0_vPositive_0285.dds">
      <Filter>Media Files\RainTextures</Filter>
    </Image>
    <Image Include="..\..\Media\rainTextures\cv0_vPositive_0286.dds">
      <Filter>Media Files\RainTextures</Filter>
    </Image>
    <Image Include="..\..\Media\rainTextures\cv0_vPositive_0287.dds">
      <Filter>Media Files\RainTextures</Filter>
    </Image>
    <Image Include="..\..\Media\rainTextures\cv0_vPositive_0288.dds">
      <Filter>Media Files\RainTextures</Filter>
    </Image>
    <Image Include="..\..\Media\rainTextures\cv0_vPositive_0289.dds">
      <Filter>Media Files\RainTextures</Filter>
    </Image>
    <Image Include="..\..\Media\rainTextures\cv0_vPositive_0290.dds">
      <Filter>Media Files\RainTextures</Filter>
    </Image>
    <Image Include="..\..\Media\rainTextures\cv0_vPositive_0291.dds">
      <Filter>Media Files\RainTextures</Filter>
    </Image>
    <Image Include="..\..\Media\rainTextures\cv0_vPositive_0292.dds">
      <Filter>Media Files\RainTextures</Filter>
    </Image>
    <Image Include="..\..\Media\rainTextures\cv0_vPositive_0293.dds">
      <Filter>Media Files\RainTextures</Filter>
    </Image>
    <Image Include="..\..\Media\rainTextures\cv0_vPositive_0294.dds">
      <Filter>Media Files\RainTextures</Filter>
    </Image>
    <Image Include="..\..\Media\rainTextures\cv0_vPositive_0295.dds">
      <Filter>Media Files\RainTextures</Filter>
    </Image>
    <Image Include="..\..\Media\rainTextures\cv0_vPositive_0296.dds">
      <Filter>Media Files\RainTextures</Filter>
    </Image>
    <Image Include="..\..\Media\rainTextures\cv0_vPositive_0297.dds">
      <Filter>Media Files\RainTextures</Filter>
    </Image>
    <Image Include="..\..\Media\rainTextures\cv0_vPositive_0298.dds">
      <Filter>Media Files\RainTextures</Filter>
    </Image>
    <Image Include="..\..\Media\rainTextures\cv0_vPositive_0299.dds">
      <Filter>Media Files\RainTextures</Filter>
    </Image>
    <Image Include="..\..\Media\rainTextures\cv0_vPositive_0300.dds">
      <Filter>Media Files\RainTextures</Filter>
    </Image>
    <Image Include="..\..\Media\rainTextures\cv0_vPositive_0301.dds">
      <Filter>Media Files\RainTextures</Filter>
    </Image>
    <Image Include="..\..\Media\rainTextures\cv0_vPositive_0302.dds">
      <Filter>Media Files\RainTextures</Filter>
    </Image>
    <Image Include="..\..\Media\rainTextures\cv0_vPositive_0303.dds">
      <Filter>Media Files\RainTextures</Filter>
    </Image>
    <Image Include="..\..\Media\rainTextures\cv0_vPositive_0304.dds">
      <Filter>Media Files\RainTextures</Filter>
    </Image>
    <Image Include="..\..\Media\rainTextures\cv0_vPositive_0305.dds">
      <Filter>Media Files\RainTextures</Filter>
    </Image>
    <Image Include="..\..\Media\rainTextures\cv0_vPositive_0306.dds">
      <Filter>Media Files\RainTextures</Filter>
    </Image>
    <Image Include="..\..\Media\rainTextures\cv0_vPositive_0307.dds">
      <Filter>Media Files\RainTextures</Filter>
    </Image>
    <Image Include="..\..\Media\rainTextures\cv0_vPositive_0308.dds">
      <Filter>Media Files\RainTextures</Filter>
    </Image>
    <Image Include="..\..\Media\rainTextures\cv0_vPositive_0309.dds">
      <Filter>Media Files\RainTextures</Filter>
    </Image>
    <Image Include="..\..\Media\rainTextures\cv0_vPositive_0310.dds">
      <Filter>Media Files\RainTextures</Filter>
    </Image>
    <Image Include="..\..\Media\rainTextures\cv0_vPositive_0311.dds">
      <Filter>Media Files\RainTextures</Filter>
    </Image>
    <Image Include="..\..\Media\rainTextures\cv0_vPositive_0312.dds">
      <Filter>Media Files\RainTextures</Filter>
    </Image>
    <Image Include="..\..\Media\rainTextures\cv0_vPositive_0313.dds">
      <Filter>Media Files\RainTextures</Filter>
    </Image>
    <Image Include="..\..\Media\rainTextures\cv0_vPositive_0314.dds">
      <Filter>Media Files\RainTextures</Filter>
    </Image>
    <Image Include="..\..\Media\rainTextures\cv0_vPositive_0315.dds">
      <Filter>Media Files\RainTextures</Filter>
    </Image>
    <Image Include="..\..\Media\rainTextures\cv0_vPositive_0316.dds">
      <Filter>Media Files\RainTextures</Filter>
    </Image>
    <Image Include="..\..\Media\rainTextures\cv0_vPositive_0317.dds">
      <Filter>Media Files\RainTextures</Filter>
    </Image>
    <Image Include="..\..\Media\rainTextures\cv0_vPositive_0318.dds">
      <Filter>Media Files\RainTextures</Filter>
    </Image>
    <Image Include="..\..\Media\rainTextures\cv0_vPositive_0319.dds">
      <Filter>Media Files\RainTextures</Filter>
    </Image>
    <Image Include="..\..\Media\rainTextures\cv0_vPositive_0320.dds">
      <Filter>Media Files\RainTextures</Filter>
    </Image>
    <Image Include="..\..\Media\rainTextures\cv0_vPositive_0321.dds">
      <Filter>Media Files\RainTextures</Filter>
    </Image>
    <Image Include="..\..\Media\rainTextures\cv0_vPositive_0322.dds">
      <Filter>Media Files\RainTextures</Filter>
    </Image>
    <Image Include="..\..\Media\rainTextures\cv0_vPositive_0323.dds">
      <Filter>Media Files\RainTextures</Filter>
    </Image>
    <Image Include="..\..\Media\rainTextures\cv0_vPositive_0324.dds">
      <Filter>Media Files\RainTextures</Filter>
    </Image>
    <Image Include="..\..\Media\rainTextures\cv0_vPositive_0325.dds">
      <Filter>Media Files\RainTextures</Filter>
    </Image>
    <Image Include="..\..\Media\rainTextures\cv0_vPositive_0326.dds">
      <Filter>Media Files\RainTextures</Filter>
    </Image>
    <Image Include="..\..\Media\rainTextures\cv0_vPositive_0327.dds">
      <Filter>Media Files\RainTextures</Filter>
    </Image>
    <Image Include="..\..\Media\rainTextures\cv0_vPositive_0328.dds">
      <Filter>Media Files\RainTextures</Filter>
    </Image>
    <Image Include="..\..\Media\rainTextures\cv0_vPositive_0329.dds">
      <Filter>Media Files\RainTextures</Filter>
    </Image>
    <Image Include="..\..\Media\rainTextures\cv0_vPositive_0330.dds">
      <Filter>Media Files\RainTextures</Filter>
    </Image>
    <Image Include="..\..\Media\rainTextures\cv0_vPositive_0331.dds">
      <Filter>Media Files\RainTextures</Filter>
    </Image>
    <Image Include="..\..\Media\rainTextures\cv0_vPositive_0332.dds">
      <Filter>Media Files\RainTextures</Filter>
    </Image>
    <Image Include="..\..\Media\rainTextures\cv0_vPositive_0333.dds">
      <Filter>Media Files\RainTextures</Filter>
    </Image>
    <Image Include="..\..\Media\rainTextures\cv0_vPositive_0334.dds">
      <Filter>Media Files\RainTextures</Filter>
    </Image>
    <Image Include="..\..\Media\rainTextures\cv0_vPositive_0335.dds">
      <Filter>Media Files\RainTextures</Filter>
    </Image>
    <Image Include="..\..\Media\rainTextures\cv0_vPositive_0336.dds">
      <Filter>Media Files\RainTextures</Filter>
    </Image>
    <Image Include="..\..\Media\rainTextures\cv0_vPositive_0337.dds">
      <Filter>Media Files\RainTextures</Filter>
    </Image>
    <Image Include="..\..\Media\rainTextures\cv0_vPositive_0338.dds">
      <Filter>Media Files\RainTextures</Filter>
    </Image>
    <Image Include="..\..\Media\rainTextures\cv0_vPositive_0339.dds">
      <Filter>Media Files\RainTextures</Filter>
    </Image>
    <Image Include="..\..\Media\rainTextures\cv0_vPositive_0340.dds">
      <Filter>Media Files\RainTextures</Filter>
    </Image>
    <Image Include="..\..\Media\rainTextures\cv0_vPositive_0341.dds">
      <Filter>Media Files\RainTextures</Filter>
    </Image>
    <Image Include="..\..\Media\rainTextures\cv0_vPositive_0342.dds">
      <Filter>Media Files\RainTextures</Filter>
    </Image>
    <Image Include="..\..\Media\rainTextures\cv0_vPositive_0343.dds">
      <Filter>Media Files\RainTextures</Filter>
    </Image>
    <Image Include="..\..\Media\rainTextures\cv0_vPositive_0344.dds">
      <Filter>Media Files\RainTextures</Filter>
    </Image>
    <Image Include="..\..\Media\rainTextures\cv0_vPositive_0345.dds">
      <Filter>Media Files\RainTextures</Filter>
    </Image>
    <Image Include="..\..\Media\rainTextures\cv0_vPositive_0346.dds">
      <Filter>Media Files\RainTextures</Filter>
    </Image>
    <Image Include="..\..\Media\rainTextures\cv0_vPositive_0347.dds">
      <Filter>Media Files\RainTextures</Filter>
    </Image>
    <Image Include="..\..\Media\rainTextures\cv0_vPositive_0348.dds">
      <Filter>Media Files\RainTextures</Filter>
    </Image>
    <Image Include="..\..\Media\rainTextures\cv0_vPositive_0349.dds">
      <Filter>Media Files\RainTextures</Filter>
    </Image>
    <Image Include="..\..\Media\rainTextures\cv0_vPositive_0350.dds">
      <Filter>Media Files\RainTextures</Filter>
    </Image>
    <Image Include="..\..\Media\rainTextures\cv0_vPositive_0351.dds">
      <Filter>Media Files\RainTextures</Filter>
    </Image>
    <Image Include="..\..\Media\rainTextures\cv0_vPositive_0352.dds">
      <Filter>Media Files\RainTextures</Filter>
    </Image>
    <Image Include="..\..\Media\rainTextures\cv0_vPositive_0353.dds">
      <Filter>Media Files\RainTextures</Filter>
    </Image>
    <Image Include="..\..\Media\rainTextures\cv0_vPositive_0354.dds">
      <Filter>Media Files\RainTextures</Filter>
    </Image>
    <Image Include="..\..\Media\rainTextures\cv0_vPositive_0355.dds">
      <Filter>Media Files\RainTextures</Filter>
    </Image>
    <Image Include="..\..\Media\rainTextures\cv0_vPositive_0356.dds">
      <Filter>Media Files\RainTextures</Filter>
    </Image>
    <Image Include="..\..\Media\rainTextures\cv0_vPositive_0357.dds">
      <Filter>Media Files\RainTextures</Filter>
    </Image>
    <Image Include="..\..\Media\rainTextures\cv0_vPositive_0358.dds">
      <Filter>Media Files\RainTextures</Filter>
    </Image>
    <Image Include="..\..\Media\rainTextures\cv0_vPositive_0359.dds">
      <Filter>Media Files\RainTextures</Filter>
    </Image>
    <Image Include="..\..\Media\rainTextures\cv0_vPositive_0360.dds">
      <Filter>Media Files\RainTextures</Filter>
    </Image>
    <Image Include="..\..\Media\rainTextures\cv0_vPositive_0361.dds">
      <Filter>Media Files\RainTextures</Filter>
    </Image>
    <Image Include="..\..\Media\rainTextures\cv0_vPositive_0362.dds">
      <Filter>Media Files\RainTextures</Filter>
    </Image>
    <Image Include="..\..\Media\rainTextures\cv0_vPositive_0363.dds">
      <Filter>Media Files\RainTextures</Filter>
    </Image>
    <Image Include="..\..\Media\rainTextures\cv0_vPositive_0364.dds">
      <Filter>Media Files\RainTextures</Filter>
    </Image>
    <Image Include="..\..\Media\rainTextures\cv0_vPositive_0365.dds">
      <Filter>Media Files\RainTextures</Filter>
    </Image>
    <Image Include="..\..\Media\rainTextures\cv0_vPositive_0366.dds">
      <Filter>Media Files\RainTextures</Filter>
    </Image>
    <Image Include="..\..\Media\rainTextures\cv0_vPositive_0367.dds">
      <Filter>Media Files\RainTextures</Filter>
    </Image>
    <Image Include="..\..\Media\rainTextures\cv0_vPositive_0368.dds">
      <Filter>Media Files\RainTextures</Filter>
    </Image>
    <Image Include="..\..\Media\rainTextures\cv0_vPositive_0369.dds">
      <Filter>Media Files\RainTextures</Filter>
    </Image>
  </ItemGroup>
  <ItemGroup>
    <Text Include="..\..\Media\noticeForFogLUTs.txt">
      <Filter>Media Files</Filter>
    </Text>
    <Text Include="..\..\Media\rainTextures\notice.txt">
      <Filter>Media Files\RainTextures</Filter>
    </Text>
  </ItemGroup>
  <ItemGroup>
    <ResourceCompile Include="Rain.rc">
      <Filter>Resource Files</Filter>
    </ResourceCompile>
  </ItemGroup>
  <ItemGroup>
    <ClInclude Include="Resource.h">
      <Filter>Resource Files</Filter>
    </ClInclude>
  </ItemGroup>
</Project>